// !$*UTF8*$!
{
	archiveVersion = 1;
	classes = {
	};
	objectVersion = 46;
	objects = {

/* Begin PBXBuildFile section */
		370A93E81DCB40D4007F14D8 /* AFNetworking.framework in Frameworks */ = {isa = PBXBuildFile; fileRef = 3715322E1DCB240800CBBFBF /* AFNetworking.framework */; };
		370A95161DCB4233007F14D8 /* SDWebImage.framework in Frameworks */ = {isa = PBXBuildFile; fileRef = 370A950F1DCB420A007F14D8 /* SDWebImage.framework */; };
		370A96521DCB4831007F14D8 /* BlocksKit.framework in Frameworks */ = {isa = PBXBuildFile; fileRef = 370A96421DCB4639007F14D8 /* BlocksKit.framework */; };
		370A972D1DCB4CEA007F14D8 /* note.txt in Resources */ = {isa = PBXBuildFile; fileRef = 370A972C1DCB4CEA007F14D8 /* note.txt */; };
		370A972F1DCB4F65007F14D8 /* Bugly.framework in Frameworks */ = {isa = PBXBuildFile; fileRef = 370A972E1DCB4F65007F14D8 /* Bugly.framework */; };
		370A97321DCB53C7007F14D8 /* SystemConfiguration.framework in Frameworks */ = {isa = PBXBuildFile; fileRef = 370A97311DCB53C7007F14D8 /* SystemConfiguration.framework */; };
		370A97341DCB53CC007F14D8 /* Security.framework in Frameworks */ = {isa = PBXBuildFile; fileRef = 370A97331DCB53CC007F14D8 /* Security.framework */; };
		370A97361DCB53DE007F14D8 /* libz.tbd in Frameworks */ = {isa = PBXBuildFile; fileRef = 370A97351DCB53DE007F14D8 /* libz.tbd */; };
		3715307B1DCAE71100CBBFBF /* main.m in Sources */ = {isa = PBXBuildFile; fileRef = 3715307A1DCAE71100CBBFBF /* main.m */; };
		371530841DCAE71100CBBFBF /* Main.storyboard in Resources */ = {isa = PBXBuildFile; fileRef = 371530821DCAE71100CBBFBF /* Main.storyboard */; };
		371530861DCAE71100CBBFBF /* Assets.xcassets in Resources */ = {isa = PBXBuildFile; fileRef = 371530851DCAE71100CBBFBF /* Assets.xcassets */; };
		371530891DCAE71100CBBFBF /* LaunchScreen.storyboard in Resources */ = {isa = PBXBuildFile; fileRef = 371530871DCAE71100CBBFBF /* LaunchScreen.storyboard */; };
		371530941DCAE71100CBBFBF /* iOSClientTests.m in Sources */ = {isa = PBXBuildFile; fileRef = 371530931DCAE71100CBBFBF /* iOSClientTests.m */; };
		3715309F1DCAE71100CBBFBF /* iOSClientUITests.m in Sources */ = {isa = PBXBuildFile; fileRef = 3715309E1DCAE71100CBBFBF /* iOSClientUITests.m */; };
		371530B21DCAE75200CBBFBF /* AppDelegate.m in Sources */ = {isa = PBXBuildFile; fileRef = 371530AF1DCAE75200CBBFBF /* AppDelegate.m */; };
		371530B31DCAE75200CBBFBF /* ViewController.m in Sources */ = {isa = PBXBuildFile; fileRef = 371530B11DCAE75200CBBFBF /* ViewController.m */; };
/* End PBXBuildFile section */

/* Begin PBXContainerItemProxy section */
		370A950A1DCB420A007F14D8 /* PBXContainerItemProxy */ = {
			isa = PBXContainerItemProxy;
			containerPortal = 370A95011DCB420A007F14D8 /* SDWebImage.xcodeproj */;
			proxyType = 2;
			remoteGlobalIDString = 53761325155AD0D5005750A4;
			remoteInfo = "SDWebImage iOS static";
		};
		370A950C1DCB420A007F14D8 /* PBXContainerItemProxy */ = {
			isa = PBXContainerItemProxy;
			containerPortal = 370A95011DCB420A007F14D8 /* SDWebImage.xcodeproj */;
			proxyType = 2;
			remoteGlobalIDString = 4314D1991D0E0E3B004B36C9;
			remoteInfo = "SDWebImage watchOS static";
		};
		370A950E1DCB420A007F14D8 /* PBXContainerItemProxy */ = {
			isa = PBXContainerItemProxy;
			containerPortal = 370A95011DCB420A007F14D8 /* SDWebImage.xcodeproj */;
			proxyType = 2;
			remoteGlobalIDString = 4A2CADFF1AB4BB5300B6BC39;
			remoteInfo = "SDWebImage iOS";
		};
		370A95101DCB420A007F14D8 /* PBXContainerItemProxy */ = {
			isa = PBXContainerItemProxy;
			containerPortal = 370A95011DCB420A007F14D8 /* SDWebImage.xcodeproj */;
			proxyType = 2;
			remoteGlobalIDString = 00733A4C1BC487C000A5A117;
			remoteInfo = "SDWebImage tvOS";
		};
		370A95121DCB420A007F14D8 /* PBXContainerItemProxy */ = {
			isa = PBXContainerItemProxy;
			containerPortal = 370A95011DCB420A007F14D8 /* SDWebImage.xcodeproj */;
			proxyType = 2;
			remoteGlobalIDString = 431BB7031D06D2C1006A3455;
			remoteInfo = "SDWebImage watchOS";
		};
		370A95141DCB420A007F14D8 /* PBXContainerItemProxy */ = {
			isa = PBXContainerItemProxy;
			containerPortal = 370A95011DCB420A007F14D8 /* SDWebImage.xcodeproj */;
			proxyType = 2;
			remoteGlobalIDString = 4397D2F21D0DDD8C00BB2784;
			remoteInfo = "SDWebImage OSX";
		};
		370A963D1DCB4639007F14D8 /* PBXContainerItemProxy */ = {
			isa = PBXContainerItemProxy;
			containerPortal = 370A96341DCB4639007F14D8 /* BlocksKit.xcodeproj */;
			proxyType = 2;
			remoteGlobalIDString = DB9B96371B3A52E500940D20;
			remoteInfo = BlocksKit;
		};
		370A963F1DCB4639007F14D8 /* PBXContainerItemProxy */ = {
			isa = PBXContainerItemProxy;
			containerPortal = 370A96341DCB4639007F14D8 /* BlocksKit.xcodeproj */;
			proxyType = 2;
			remoteGlobalIDString = DB9B96401B3A52E500940D20;
			remoteInfo = BlocksKitTests;
		};
		370A96411DCB4639007F14D8 /* PBXContainerItemProxy */ = {
			isa = PBXContainerItemProxy;
			containerPortal = 370A96341DCB4639007F14D8 /* BlocksKit.xcodeproj */;
			proxyType = 2;
			remoteGlobalIDString = DB9B96181B3A52A700940D20;
			remoteInfo = MobileBlocksKit;
		};
		370A96431DCB4639007F14D8 /* PBXContainerItemProxy */ = {
			isa = PBXContainerItemProxy;
			containerPortal = 370A96341DCB4639007F14D8 /* BlocksKit.xcodeproj */;
			proxyType = 2;
			remoteGlobalIDString = DB9B96221B3A52A700940D20;
			remoteInfo = MobileBlocksKitTests;
		};
		370A96451DCB4639007F14D8 /* PBXContainerItemProxy */ = {
			isa = PBXContainerItemProxy;
			containerPortal = 370A96341DCB4639007F14D8 /* BlocksKit.xcodeproj */;
			proxyType = 2;
			remoteGlobalIDString = DB9B96521B3A531F00940D20;
			remoteInfo = MobileBlocksKitLegacy;
		};
		370A96471DCB4639007F14D8 /* PBXContainerItemProxy */ = {
			isa = PBXContainerItemProxy;
			containerPortal = 370A96341DCB4639007F14D8 /* BlocksKit.xcodeproj */;
			proxyType = 2;
			remoteGlobalIDString = DBBDD1E51B3A553E008909B0;
			remoteInfo = "BlocksKit Mac Demo";
		};
		371530901DCAE71100CBBFBF /* PBXContainerItemProxy */ = {
			isa = PBXContainerItemProxy;
			containerPortal = 3715306E1DCAE71100CBBFBF /* Project object */;
			proxyType = 1;
			remoteGlobalIDString = 371530751DCAE71100CBBFBF;
			remoteInfo = iOSClient;
		};
		3715309B1DCAE71100CBBFBF /* PBXContainerItemProxy */ = {
			isa = PBXContainerItemProxy;
			containerPortal = 3715306E1DCAE71100CBBFBF /* Project object */;
			proxyType = 1;
			remoteGlobalIDString = 371530751DCAE71100CBBFBF;
			remoteInfo = iOSClient;
		};
		3715322D1DCB240800CBBFBF /* PBXContainerItemProxy */ = {
			isa = PBXContainerItemProxy;
			containerPortal = 371532231DCB240700CBBFBF /* AFNetworking.xcodeproj */;
			proxyType = 2;
			remoteGlobalIDString = 299522391BBF104D00859F49;
			remoteInfo = "AFNetworking iOS";
		};
		3715322F1DCB240800CBBFBF /* PBXContainerItemProxy */ = {
			isa = PBXContainerItemProxy;
			containerPortal = 371532231DCB240700CBBFBF /* AFNetworking.xcodeproj */;
			proxyType = 2;
			remoteGlobalIDString = 299522651BBF129200859F49;
			remoteInfo = "AFNetworking watchOS";
		};
		371532311DCB240800CBBFBF /* PBXContainerItemProxy */ = {
			isa = PBXContainerItemProxy;
			containerPortal = 371532231DCB240700CBBFBF /* AFNetworking.xcodeproj */;
			proxyType = 2;
			remoteGlobalIDString = 299522771BBF136400859F49;
			remoteInfo = "AFNetworking OS X";
		};
		371532331DCB240800CBBFBF /* PBXContainerItemProxy */ = {
			isa = PBXContainerItemProxy;
			containerPortal = 371532231DCB240700CBBFBF /* AFNetworking.xcodeproj */;
			proxyType = 2;
			remoteGlobalIDString = 2987B0A51BC408A200179A4C;
			remoteInfo = "AFNetworking tvOS";
		};
		371532351DCB240800CBBFBF /* PBXContainerItemProxy */ = {
			isa = PBXContainerItemProxy;
			containerPortal = 371532231DCB240700CBBFBF /* AFNetworking.xcodeproj */;
			proxyType = 2;
			remoteGlobalIDString = 298D7C3B1BC2C79500FD3B3E;
			remoteInfo = "AFNetworking iOS Tests";
		};
		371532371DCB240800CBBFBF /* PBXContainerItemProxy */ = {
			isa = PBXContainerItemProxy;
			containerPortal = 371532231DCB240700CBBFBF /* AFNetworking.xcodeproj */;
			proxyType = 2;
			remoteGlobalIDString = 298D7C4A1BC2C7B200FD3B3E;
			remoteInfo = "AFNetworking Mac OS X Tests";
		};
		371532391DCB240800CBBFBF /* PBXContainerItemProxy */ = {
			isa = PBXContainerItemProxy;
			containerPortal = 371532231DCB240700CBBFBF /* AFNetworking.xcodeproj */;
			proxyType = 2;
			remoteGlobalIDString = 2987B0AE1BC408A200179A4C;
			remoteInfo = "AFNetworking tvOS Tests";
		};
/* End PBXContainerItemProxy section */

/* Begin PBXFileReference section */
		370A95011DCB420A007F14D8 /* SDWebImage.xcodeproj */ = {isa = PBXFileReference; lastKnownFileType = "wrapper.pb-project"; path = SDWebImage.xcodeproj; sourceTree = "<group>"; };
		370A96341DCB4639007F14D8 /* BlocksKit.xcodeproj */ = {isa = PBXFileReference; lastKnownFileType = "wrapper.pb-project"; path = BlocksKit.xcodeproj; sourceTree = "<group>"; };
		370A972C1DCB4CEA007F14D8 /* note.txt */ = {isa = PBXFileReference; fileEncoding = 4; lastKnownFileType = text; path = note.txt; sourceTree = "<group>"; };
		370A972E1DCB4F65007F14D8 /* Bugly.framework */ = {isa = PBXFileReference; lastKnownFileType = wrapper.framework; path = Bugly.framework; sourceTree = "<group>"; };
		370A97311DCB53C7007F14D8 /* SystemConfiguration.framework */ = {isa = PBXFileReference; lastKnownFileType = wrapper.framework; name = SystemConfiguration.framework; path = System/Library/Frameworks/SystemConfiguration.framework; sourceTree = SDKROOT; };
		370A97331DCB53CC007F14D8 /* Security.framework */ = {isa = PBXFileReference; lastKnownFileType = wrapper.framework; name = Security.framework; path = System/Library/Frameworks/Security.framework; sourceTree = SDKROOT; };
		370A97351DCB53DE007F14D8 /* libz.tbd */ = {isa = PBXFileReference; lastKnownFileType = "sourcecode.text-based-dylib-definition"; name = libz.tbd; path = usr/lib/libz.tbd; sourceTree = SDKROOT; };
		371530761DCAE71100CBBFBF /* iOSClient.app */ = {isa = PBXFileReference; explicitFileType = wrapper.application; includeInIndex = 0; path = iOSClient.app; sourceTree = BUILT_PRODUCTS_DIR; };
		3715307A1DCAE71100CBBFBF /* main.m */ = {isa = PBXFileReference; lastKnownFileType = sourcecode.c.objc; path = main.m; sourceTree = "<group>"; };
		371530831DCAE71100CBBFBF /* Base */ = {isa = PBXFileReference; lastKnownFileType = file.storyboard; name = Base; path = Base.lproj/Main.storyboard; sourceTree = "<group>"; };
		371530851DCAE71100CBBFBF /* Assets.xcassets */ = {isa = PBXFileReference; lastKnownFileType = folder.assetcatalog; path = Assets.xcassets; sourceTree = "<group>"; };
		371530881DCAE71100CBBFBF /* Base */ = {isa = PBXFileReference; lastKnownFileType = file.storyboard; name = Base; path = Base.lproj/LaunchScreen.storyboard; sourceTree = "<group>"; };
		3715308A1DCAE71100CBBFBF /* Info.plist */ = {isa = PBXFileReference; lastKnownFileType = text.plist.xml; path = Info.plist; sourceTree = "<group>"; };
		3715308F1DCAE71100CBBFBF /* iOSClientTests.xctest */ = {isa = PBXFileReference; explicitFileType = wrapper.cfbundle; includeInIndex = 0; path = iOSClientTests.xctest; sourceTree = BUILT_PRODUCTS_DIR; };
		371530931DCAE71100CBBFBF /* iOSClientTests.m */ = {isa = PBXFileReference; lastKnownFileType = sourcecode.c.objc; path = iOSClientTests.m; sourceTree = "<group>"; };
		371530951DCAE71100CBBFBF /* Info.plist */ = {isa = PBXFileReference; lastKnownFileType = text.plist.xml; path = Info.plist; sourceTree = "<group>"; };
		3715309A1DCAE71100CBBFBF /* iOSClientUITests.xctest */ = {isa = PBXFileReference; explicitFileType = wrapper.cfbundle; includeInIndex = 0; path = iOSClientUITests.xctest; sourceTree = BUILT_PRODUCTS_DIR; };
		3715309E1DCAE71100CBBFBF /* iOSClientUITests.m */ = {isa = PBXFileReference; lastKnownFileType = sourcecode.c.objc; path = iOSClientUITests.m; sourceTree = "<group>"; };
		371530A01DCAE71100CBBFBF /* Info.plist */ = {isa = PBXFileReference; lastKnownFileType = text.plist.xml; path = Info.plist; sourceTree = "<group>"; };
		371530AE1DCAE75200CBBFBF /* AppDelegate.h */ = {isa = PBXFileReference; fileEncoding = 4; lastKnownFileType = sourcecode.c.h; path = AppDelegate.h; sourceTree = "<group>"; };
		371530AF1DCAE75200CBBFBF /* AppDelegate.m */ = {isa = PBXFileReference; fileEncoding = 4; lastKnownFileType = sourcecode.c.objc; path = AppDelegate.m; sourceTree = "<group>"; };
		371530B01DCAE75200CBBFBF /* ViewController.h */ = {isa = PBXFileReference; fileEncoding = 4; lastKnownFileType = sourcecode.c.h; path = ViewController.h; sourceTree = "<group>"; };
		371530B11DCAE75200CBBFBF /* ViewController.m */ = {isa = PBXFileReference; fileEncoding = 4; lastKnownFileType = sourcecode.c.objc; path = ViewController.m; sourceTree = "<group>"; };
		371532231DCB240700CBBFBF /* AFNetworking.xcodeproj */ = {isa = PBXFileReference; lastKnownFileType = "wrapper.pb-project"; path = AFNetworking.xcodeproj; sourceTree = "<group>"; };
/* End PBXFileReference section */

/* Begin PBXFrameworksBuildPhase section */
		371530731DCAE71100CBBFBF /* Frameworks */ = {
			isa = PBXFrameworksBuildPhase;
			buildActionMask = 2147483647;
			files = (
				370A97361DCB53DE007F14D8 /* libz.tbd in Frameworks */,
				370A97341DCB53CC007F14D8 /* Security.framework in Frameworks */,
				370A97321DCB53C7007F14D8 /* SystemConfiguration.framework in Frameworks */,
				370A96521DCB4831007F14D8 /* BlocksKit.framework in Frameworks */,
				370A95161DCB4233007F14D8 /* SDWebImage.framework in Frameworks */,
				370A972F1DCB4F65007F14D8 /* Bugly.framework in Frameworks */,
				370A93E81DCB40D4007F14D8 /* AFNetworking.framework in Frameworks */,
			);
			runOnlyForDeploymentPostprocessing = 0;
		};
		3715308C1DCAE71100CBBFBF /* Frameworks */ = {
			isa = PBXFrameworksBuildPhase;
			buildActionMask = 2147483647;
			files = (
			);
			runOnlyForDeploymentPostprocessing = 0;
		};
		371530971DCAE71100CBBFBF /* Frameworks */ = {
			isa = PBXFrameworksBuildPhase;
			buildActionMask = 2147483647;
			files = (
			);
			runOnlyForDeploymentPostprocessing = 0;
		};
/* End PBXFrameworksBuildPhase section */

/* Begin PBXGroup section */
		370A93E91DCB41F8007F14D8 /* SDWebImage */ = {
			isa = PBXGroup;
			children = (
				370A95011DCB420A007F14D8 /* SDWebImage.xcodeproj */,
			);
			path = SDWebImage;
			sourceTree = "<group>";
		};
		370A95021DCB420A007F14D8 /* Products */ = {
			isa = PBXGroup;
			children = (
				370A950B1DCB420A007F14D8 /* libSDWebImage iOS static.a */,
				370A950D1DCB420A007F14D8 /* libSDWebImage watchOS static.a */,
				370A950F1DCB420A007F14D8 /* SDWebImage.framework */,
				370A95111DCB420A007F14D8 /* SDWebImage.framework */,
				370A95131DCB420A007F14D8 /* SDWebImage.framework */,
				370A95151DCB420A007F14D8 /* SDWebImage.framework */,
			);
			name = Products;
			sourceTree = "<group>";
		};
		370A95171DCB462A007F14D8 /* BlocksKit */ = {
			isa = PBXGroup;
			children = (
				370A96341DCB4639007F14D8 /* BlocksKit.xcodeproj */,
			);
			path = BlocksKit;
			sourceTree = "<group>";
		};
		370A96351DCB4639007F14D8 /* Products */ = {
			isa = PBXGroup;
			children = (
				370A963E1DCB4639007F14D8 /* BlocksKit.framework */,
				370A96401DCB4639007F14D8 /* BlocksKitTests.xctest */,
				370A96421DCB4639007F14D8 /* BlocksKit.framework */,
				370A96441DCB4639007F14D8 /* BlocksKitTests.xctest */,
				370A96461DCB4639007F14D8 /* libMobileBlocksKitLegacy.a */,
				370A96481DCB4639007F14D8 /* BlocksKit Mac Demo.app */,
			);
			name = Products;
			sourceTree = "<group>";
		};
		370A97291DCB4C69007F14D8 /* Bugly */ = {
			isa = PBXGroup;
			children = (
				370A972E1DCB4F65007F14D8 /* Bugly.framework */,
				370A972C1DCB4CEA007F14D8 /* note.txt */,
			);
			path = Bugly;
			sourceTree = "<group>";
		};
		370A97301DCB53C7007F14D8 /* Frameworks */ = {
			isa = PBXGroup;
			children = (
				370A97351DCB53DE007F14D8 /* libz.tbd */,
				370A97331DCB53CC007F14D8 /* Security.framework */,
				370A97311DCB53C7007F14D8 /* SystemConfiguration.framework */,
			);
			name = Frameworks;
			sourceTree = "<group>";
		};
		3715306D1DCAE71100CBBFBF = {
			isa = PBXGroup;
			children = (
				371530781DCAE71100CBBFBF /* iOSClient */,
				371530921DCAE71100CBBFBF /* iOSClientTests */,
				3715309D1DCAE71100CBBFBF /* iOSClientUITests */,
				371530771DCAE71100CBBFBF /* Products */,
				370A97301DCB53C7007F14D8 /* Frameworks */,
			);
			sourceTree = "<group>";
		};
		371530771DCAE71100CBBFBF /* Products */ = {
			isa = PBXGroup;
			children = (
				371530761DCAE71100CBBFBF /* iOSClient.app */,
				3715308F1DCAE71100CBBFBF /* iOSClientTests.xctest */,
				3715309A1DCAE71100CBBFBF /* iOSClientUITests.xctest */,
			);
			name = Products;
			sourceTree = "<group>";
		};
		371530781DCAE71100CBBFBF /* iOSClient */ = {
			isa = PBXGroup;
			children = (
				371530AD1DCAE75200CBBFBF /* Src */,
				371530AC1DCAE75200CBBFBF /* Res */,
				371530821DCAE71100CBBFBF /* Main.storyboard */,
				371530851DCAE71100CBBFBF /* Assets.xcassets */,
				371530871DCAE71100CBBFBF /* LaunchScreen.storyboard */,
				3715308A1DCAE71100CBBFBF /* Info.plist */,
				371530791DCAE71100CBBFBF /* Supporting Files */,
			);
			path = iOSClient;
			sourceTree = "<group>";
		};
		371530791DCAE71100CBBFBF /* Supporting Files */ = {
			isa = PBXGroup;
			children = (
				3715307A1DCAE71100CBBFBF /* main.m */,
			);
			name = "Supporting Files";
			sourceTree = "<group>";
		};
		371530921DCAE71100CBBFBF /* iOSClientTests */ = {
			isa = PBXGroup;
			children = (
				371530931DCAE71100CBBFBF /* iOSClientTests.m */,
				371530951DCAE71100CBBFBF /* Info.plist */,
			);
			path = iOSClientTests;
			sourceTree = "<group>";
		};
		3715309D1DCAE71100CBBFBF /* iOSClientUITests */ = {
			isa = PBXGroup;
			children = (
				3715309E1DCAE71100CBBFBF /* iOSClientUITests.m */,
				371530A01DCAE71100CBBFBF /* Info.plist */,
			);
			path = iOSClientUITests;
			sourceTree = "<group>";
		};
		371530AC1DCAE75200CBBFBF /* Res */ = {
			isa = PBXGroup;
			children = (
			);
			path = Res;
			sourceTree = "<group>";
		};
		371530AD1DCAE75200CBBFBF /* Src */ = {
			isa = PBXGroup;
			children = (
				371530B41DCAEE6900CBBFBF /* Common */,
				371530B61DCAEE6900CBBFBF /* UI */,
				371530AE1DCAE75200CBBFBF /* AppDelegate.h */,
				371530AF1DCAE75200CBBFBF /* AppDelegate.m */,
				371530B01DCAE75200CBBFBF /* ViewController.h */,
				371530B11DCAE75200CBBFBF /* ViewController.m */,
			);
			path = Src;
			sourceTree = "<group>";
		};
		371530B41DCAEE6900CBBFBF /* Common */ = {
			isa = PBXGroup;
			children = (
				371530B51DCAEE6900CBBFBF /* ThirdParty */,
			);
			path = Common;
			sourceTree = "<group>";
		};
		371530B51DCAEE6900CBBFBF /* ThirdParty */ = {
			isa = PBXGroup;
			children = (
				370A97291DCB4C69007F14D8 /* Bugly */,
				370A95171DCB462A007F14D8 /* BlocksKit */,
				370A93E91DCB41F8007F14D8 /* SDWebImage */,
				371530BE1DCB23F400CBBFBF /* AFNetworking */,
			);
			path = ThirdParty;
			sourceTree = "<group>";
		};
		371530B61DCAEE6900CBBFBF /* UI */ = {
			isa = PBXGroup;
			children = (
			);
			path = UI;
			sourceTree = "<group>";
		};
		371530BE1DCB23F400CBBFBF /* AFNetworking */ = {
			isa = PBXGroup;
			children = (
				371532231DCB240700CBBFBF /* AFNetworking.xcodeproj */,
			);
			path = AFNetworking;
			sourceTree = "<group>";
		};
		371532241DCB240700CBBFBF /* Products */ = {
			isa = PBXGroup;
			children = (
				3715322E1DCB240800CBBFBF /* AFNetworking.framework */,
				371532301DCB240800CBBFBF /* AFNetworking.framework */,
				371532321DCB240800CBBFBF /* AFNetworking.framework */,
				371532341DCB240800CBBFBF /* AFNetworking.framework */,
				371532361DCB240800CBBFBF /* AFNetworking iOS Tests.xctest */,
				371532381DCB240800CBBFBF /* AFNetworking Mac OS X Tests.xctest */,
				3715323A1DCB240800CBBFBF /* AFNetworking tvOS Tests.xctest */,
			);
			name = Products;
			sourceTree = "<group>";
		};
/* End PBXGroup section */

/* Begin PBXNativeTarget section */
		371530751DCAE71100CBBFBF /* iOSClient */ = {
			isa = PBXNativeTarget;
			buildConfigurationList = 371530A31DCAE71100CBBFBF /* Build configuration list for PBXNativeTarget "iOSClient" */;
			buildPhases = (
				371530721DCAE71100CBBFBF /* Sources */,
				371530731DCAE71100CBBFBF /* Frameworks */,
				371530741DCAE71100CBBFBF /* Resources */,
			);
			buildRules = (
			);
			dependencies = (
			);
			name = iOSClient;
			productName = iOSClient;
			productReference = 371530761DCAE71100CBBFBF /* iOSClient.app */;
			productType = "com.apple.product-type.application";
		};
		3715308E1DCAE71100CBBFBF /* iOSClientTests */ = {
			isa = PBXNativeTarget;
			buildConfigurationList = 371530A61DCAE71100CBBFBF /* Build configuration list for PBXNativeTarget "iOSClientTests" */;
			buildPhases = (
				3715308B1DCAE71100CBBFBF /* Sources */,
				3715308C1DCAE71100CBBFBF /* Frameworks */,
				3715308D1DCAE71100CBBFBF /* Resources */,
			);
			buildRules = (
			);
			dependencies = (
				371530911DCAE71100CBBFBF /* PBXTargetDependency */,
			);
			name = iOSClientTests;
			productName = iOSClientTests;
			productReference = 3715308F1DCAE71100CBBFBF /* iOSClientTests.xctest */;
			productType = "com.apple.product-type.bundle.unit-test";
		};
		371530991DCAE71100CBBFBF /* iOSClientUITests */ = {
			isa = PBXNativeTarget;
			buildConfigurationList = 371530A91DCAE71100CBBFBF /* Build configuration list for PBXNativeTarget "iOSClientUITests" */;
			buildPhases = (
				371530961DCAE71100CBBFBF /* Sources */,
				371530971DCAE71100CBBFBF /* Frameworks */,
				371530981DCAE71100CBBFBF /* Resources */,
			);
			buildRules = (
			);
			dependencies = (
				3715309C1DCAE71100CBBFBF /* PBXTargetDependency */,
			);
			name = iOSClientUITests;
			productName = iOSClientUITests;
			productReference = 3715309A1DCAE71100CBBFBF /* iOSClientUITests.xctest */;
			productType = "com.apple.product-type.bundle.ui-testing";
		};
/* End PBXNativeTarget section */

/* Begin PBXProject section */
		3715306E1DCAE71100CBBFBF /* Project object */ = {
			isa = PBXProject;
			attributes = {
				LastUpgradeCheck = 0800;
				ORGANIZATIONNAME = "steven yang";
				TargetAttributes = {
					371530751DCAE71100CBBFBF = {
						CreatedOnToolsVersion = 8.0;
						ProvisioningStyle = Automatic;
					};
					3715308E1DCAE71100CBBFBF = {
						CreatedOnToolsVersion = 8.0;
						ProvisioningStyle = Automatic;
						TestTargetID = 371530751DCAE71100CBBFBF;
					};
					371530991DCAE71100CBBFBF = {
						CreatedOnToolsVersion = 8.0;
						ProvisioningStyle = Automatic;
						TestTargetID = 371530751DCAE71100CBBFBF;
					};
				};
			};
			buildConfigurationList = 371530711DCAE71100CBBFBF /* Build configuration list for PBXProject "iOSClient" */;
			compatibilityVersion = "Xcode 3.2";
			developmentRegion = English;
			hasScannedForEncodings = 0;
			knownRegions = (
				en,
				Base,
			);
			mainGroup = 3715306D1DCAE71100CBBFBF;
			productRefGroup = 371530771DCAE71100CBBFBF /* Products */;
			projectDirPath = "";
			projectReferences = (
				{
					ProductGroup = 371532241DCB240700CBBFBF /* Products */;
					ProjectRef = 371532231DCB240700CBBFBF /* AFNetworking.xcodeproj */;
				},
				{
					ProductGroup = 370A96351DCB4639007F14D8 /* Products */;
					ProjectRef = 370A96341DCB4639007F14D8 /* BlocksKit.xcodeproj */;
				},
				{
					ProductGroup = 370A95021DCB420A007F14D8 /* Products */;
					ProjectRef = 370A95011DCB420A007F14D8 /* SDWebImage.xcodeproj */;
				},
			);
			projectRoot = "";
			targets = (
				371530751DCAE71100CBBFBF /* iOSClient */,
				3715308E1DCAE71100CBBFBF /* iOSClientTests */,
				371530991DCAE71100CBBFBF /* iOSClientUITests */,
			);
		};
/* End PBXProject section */

/* Begin PBXReferenceProxy section */
		370A950B1DCB420A007F14D8 /* libSDWebImage iOS static.a */ = {
			isa = PBXReferenceProxy;
			fileType = archive.ar;
			path = "libSDWebImage iOS static.a";
			remoteRef = 370A950A1DCB420A007F14D8 /* PBXContainerItemProxy */;
			sourceTree = BUILT_PRODUCTS_DIR;
		};
		370A950D1DCB420A007F14D8 /* libSDWebImage watchOS static.a */ = {
			isa = PBXReferenceProxy;
			fileType = archive.ar;
			path = "libSDWebImage watchOS static.a";
			remoteRef = 370A950C1DCB420A007F14D8 /* PBXContainerItemProxy */;
			sourceTree = BUILT_PRODUCTS_DIR;
		};
		370A950F1DCB420A007F14D8 /* SDWebImage.framework */ = {
			isa = PBXReferenceProxy;
			fileType = wrapper.framework;
			path = SDWebImage.framework;
			remoteRef = 370A950E1DCB420A007F14D8 /* PBXContainerItemProxy */;
			sourceTree = BUILT_PRODUCTS_DIR;
		};
		370A95111DCB420A007F14D8 /* SDWebImage.framework */ = {
			isa = PBXReferenceProxy;
			fileType = wrapper.framework;
			path = SDWebImage.framework;
			remoteRef = 370A95101DCB420A007F14D8 /* PBXContainerItemProxy */;
			sourceTree = BUILT_PRODUCTS_DIR;
		};
		370A95131DCB420A007F14D8 /* SDWebImage.framework */ = {
			isa = PBXReferenceProxy;
			fileType = wrapper.framework;
			path = SDWebImage.framework;
			remoteRef = 370A95121DCB420A007F14D8 /* PBXContainerItemProxy */;
			sourceTree = BUILT_PRODUCTS_DIR;
		};
		370A95151DCB420A007F14D8 /* SDWebImage.framework */ = {
			isa = PBXReferenceProxy;
			fileType = wrapper.framework;
			path = SDWebImage.framework;
			remoteRef = 370A95141DCB420A007F14D8 /* PBXContainerItemProxy */;
			sourceTree = BUILT_PRODUCTS_DIR;
		};
		370A963E1DCB4639007F14D8 /* BlocksKit.framework */ = {
			isa = PBXReferenceProxy;
			fileType = wrapper.framework;
			path = BlocksKit.framework;
			remoteRef = 370A963D1DCB4639007F14D8 /* PBXContainerItemProxy */;
			sourceTree = BUILT_PRODUCTS_DIR;
		};
		370A96401DCB4639007F14D8 /* BlocksKitTests.xctest */ = {
			isa = PBXReferenceProxy;
			fileType = wrapper.cfbundle;
			path = BlocksKitTests.xctest;
			remoteRef = 370A963F1DCB4639007F14D8 /* PBXContainerItemProxy */;
			sourceTree = BUILT_PRODUCTS_DIR;
		};
		370A96421DCB4639007F14D8 /* BlocksKit.framework */ = {
			isa = PBXReferenceProxy;
			fileType = wrapper.framework;
			path = BlocksKit.framework;
			remoteRef = 370A96411DCB4639007F14D8 /* PBXContainerItemProxy */;
			sourceTree = BUILT_PRODUCTS_DIR;
		};
		370A96441DCB4639007F14D8 /* BlocksKitTests.xctest */ = {
			isa = PBXReferenceProxy;
			fileType = wrapper.cfbundle;
			path = BlocksKitTests.xctest;
			remoteRef = 370A96431DCB4639007F14D8 /* PBXContainerItemProxy */;
			sourceTree = BUILT_PRODUCTS_DIR;
		};
		370A96461DCB4639007F14D8 /* libMobileBlocksKitLegacy.a */ = {
			isa = PBXReferenceProxy;
			fileType = archive.ar;
			path = libMobileBlocksKitLegacy.a;
			remoteRef = 370A96451DCB4639007F14D8 /* PBXContainerItemProxy */;
			sourceTree = BUILT_PRODUCTS_DIR;
		};
		370A96481DCB4639007F14D8 /* BlocksKit Mac Demo.app */ = {
			isa = PBXReferenceProxy;
			fileType = wrapper.application;
			path = "BlocksKit Mac Demo.app";
			remoteRef = 370A96471DCB4639007F14D8 /* PBXContainerItemProxy */;
			sourceTree = BUILT_PRODUCTS_DIR;
		};
		3715322E1DCB240800CBBFBF /* AFNetworking.framework */ = {
			isa = PBXReferenceProxy;
			fileType = wrapper.framework;
			path = AFNetworking.framework;
			remoteRef = 3715322D1DCB240800CBBFBF /* PBXContainerItemProxy */;
			sourceTree = BUILT_PRODUCTS_DIR;
		};
		371532301DCB240800CBBFBF /* AFNetworking.framework */ = {
			isa = PBXReferenceProxy;
			fileType = wrapper.framework;
			path = AFNetworking.framework;
			remoteRef = 3715322F1DCB240800CBBFBF /* PBXContainerItemProxy */;
			sourceTree = BUILT_PRODUCTS_DIR;
		};
		371532321DCB240800CBBFBF /* AFNetworking.framework */ = {
			isa = PBXReferenceProxy;
			fileType = wrapper.framework;
			path = AFNetworking.framework;
			remoteRef = 371532311DCB240800CBBFBF /* PBXContainerItemProxy */;
			sourceTree = BUILT_PRODUCTS_DIR;
		};
		371532341DCB240800CBBFBF /* AFNetworking.framework */ = {
			isa = PBXReferenceProxy;
			fileType = wrapper.framework;
			path = AFNetworking.framework;
			remoteRef = 371532331DCB240800CBBFBF /* PBXContainerItemProxy */;
			sourceTree = BUILT_PRODUCTS_DIR;
		};
		371532361DCB240800CBBFBF /* AFNetworking iOS Tests.xctest */ = {
			isa = PBXReferenceProxy;
			fileType = wrapper.cfbundle;
			path = "AFNetworking iOS Tests.xctest";
			remoteRef = 371532351DCB240800CBBFBF /* PBXContainerItemProxy */;
			sourceTree = BUILT_PRODUCTS_DIR;
		};
		371532381DCB240800CBBFBF /* AFNetworking Mac OS X Tests.xctest */ = {
			isa = PBXReferenceProxy;
			fileType = wrapper.cfbundle;
			path = "AFNetworking Mac OS X Tests.xctest";
			remoteRef = 371532371DCB240800CBBFBF /* PBXContainerItemProxy */;
			sourceTree = BUILT_PRODUCTS_DIR;
		};
		3715323A1DCB240800CBBFBF /* AFNetworking tvOS Tests.xctest */ = {
			isa = PBXReferenceProxy;
			fileType = wrapper.cfbundle;
			path = "AFNetworking tvOS Tests.xctest";
			remoteRef = 371532391DCB240800CBBFBF /* PBXContainerItemProxy */;
			sourceTree = BUILT_PRODUCTS_DIR;
		};
/* End PBXReferenceProxy section */

/* Begin PBXResourcesBuildPhase section */
		371530741DCAE71100CBBFBF /* Resources */ = {
			isa = PBXResourcesBuildPhase;
			buildActionMask = 2147483647;
			files = (
				370A972D1DCB4CEA007F14D8 /* note.txt in Resources */,
				371530891DCAE71100CBBFBF /* LaunchScreen.storyboard in Resources */,
				371530861DCAE71100CBBFBF /* Assets.xcassets in Resources */,
				371530841DCAE71100CBBFBF /* Main.storyboard in Resources */,
			);
			runOnlyForDeploymentPostprocessing = 0;
		};
		3715308D1DCAE71100CBBFBF /* Resources */ = {
			isa = PBXResourcesBuildPhase;
			buildActionMask = 2147483647;
			files = (
			);
			runOnlyForDeploymentPostprocessing = 0;
		};
		371530981DCAE71100CBBFBF /* Resources */ = {
			isa = PBXResourcesBuildPhase;
			buildActionMask = 2147483647;
			files = (
			);
			runOnlyForDeploymentPostprocessing = 0;
		};
/* End PBXResourcesBuildPhase section */

/* Begin PBXSourcesBuildPhase section */
		371530721DCAE71100CBBFBF /* Sources */ = {
			isa = PBXSourcesBuildPhase;
			buildActionMask = 2147483647;
			files = (
				371530B31DCAE75200CBBFBF /* ViewController.m in Sources */,
				371530B21DCAE75200CBBFBF /* AppDelegate.m in Sources */,
				3715307B1DCAE71100CBBFBF /* main.m in Sources */,
			);
			runOnlyForDeploymentPostprocessing = 0;
		};
		3715308B1DCAE71100CBBFBF /* Sources */ = {
			isa = PBXSourcesBuildPhase;
			buildActionMask = 2147483647;
			files = (
				371530941DCAE71100CBBFBF /* iOSClientTests.m in Sources */,
			);
			runOnlyForDeploymentPostprocessing = 0;
		};
		371530961DCAE71100CBBFBF /* Sources */ = {
			isa = PBXSourcesBuildPhase;
			buildActionMask = 2147483647;
			files = (
				3715309F1DCAE71100CBBFBF /* iOSClientUITests.m in Sources */,
			);
			runOnlyForDeploymentPostprocessing = 0;
		};
/* End PBXSourcesBuildPhase section */

/* Begin PBXTargetDependency section */
		371530911DCAE71100CBBFBF /* PBXTargetDependency */ = {
			isa = PBXTargetDependency;
			target = 371530751DCAE71100CBBFBF /* iOSClient */;
			targetProxy = 371530901DCAE71100CBBFBF /* PBXContainerItemProxy */;
		};
		3715309C1DCAE71100CBBFBF /* PBXTargetDependency */ = {
			isa = PBXTargetDependency;
			target = 371530751DCAE71100CBBFBF /* iOSClient */;
			targetProxy = 3715309B1DCAE71100CBBFBF /* PBXContainerItemProxy */;
		};
/* End PBXTargetDependency section */

/* Begin PBXVariantGroup section */
		371530821DCAE71100CBBFBF /* Main.storyboard */ = {
			isa = PBXVariantGroup;
			children = (
				371530831DCAE71100CBBFBF /* Base */,
			);
			name = Main.storyboard;
			sourceTree = "<group>";
		};
		371530871DCAE71100CBBFBF /* LaunchScreen.storyboard */ = {
			isa = PBXVariantGroup;
			children = (
				371530881DCAE71100CBBFBF /* Base */,
			);
			name = LaunchScreen.storyboard;
			sourceTree = "<group>";
		};
/* End PBXVariantGroup section */

/* Begin XCBuildConfiguration section */
		371530A11DCAE71100CBBFBF /* Debug */ = {
			isa = XCBuildConfiguration;
			buildSettings = {
				ALWAYS_SEARCH_USER_PATHS = NO;
				CLANG_ANALYZER_NONNULL = YES;
				CLANG_CXX_LANGUAGE_STANDARD = "gnu++0x";
				CLANG_CXX_LIBRARY = "libc++";
				CLANG_ENABLE_MODULES = YES;
				CLANG_ENABLE_OBJC_ARC = YES;
				CLANG_WARN_BOOL_CONVERSION = YES;
				CLANG_WARN_CONSTANT_CONVERSION = YES;
				CLANG_WARN_DIRECT_OBJC_ISA_USAGE = YES_ERROR;
				CLANG_WARN_DOCUMENTATION_COMMENTS = YES;
				CLANG_WARN_EMPTY_BODY = YES;
				CLANG_WARN_ENUM_CONVERSION = YES;
				CLANG_WARN_INFINITE_RECURSION = YES;
				CLANG_WARN_INT_CONVERSION = YES;
				CLANG_WARN_OBJC_ROOT_CLASS = YES_ERROR;
				CLANG_WARN_SUSPICIOUS_MOVES = YES;
				CLANG_WARN_UNREACHABLE_CODE = YES;
				CLANG_WARN__DUPLICATE_METHOD_MATCH = YES;
				"CODE_SIGN_IDENTITY[sdk=iphoneos*]" = "iPhone Developer";
				COPY_PHASE_STRIP = NO;
				DEBUG_INFORMATION_FORMAT = dwarf;
				ENABLE_STRICT_OBJC_MSGSEND = YES;
				ENABLE_TESTABILITY = YES;
				GCC_C_LANGUAGE_STANDARD = gnu99;
				GCC_DYNAMIC_NO_PIC = NO;
				GCC_NO_COMMON_BLOCKS = YES;
				GCC_OPTIMIZATION_LEVEL = 0;
				GCC_PREPROCESSOR_DEFINITIONS = (
					"DEBUG=1",
					"$(inherited)",
				);
				GCC_WARN_64_TO_32_BIT_CONVERSION = YES;
				GCC_WARN_ABOUT_RETURN_TYPE = YES_ERROR;
				GCC_WARN_UNDECLARED_SELECTOR = YES;
				GCC_WARN_UNINITIALIZED_AUTOS = YES_AGGRESSIVE;
				GCC_WARN_UNUSED_FUNCTION = YES;
				GCC_WARN_UNUSED_VARIABLE = YES;
				IPHONEOS_DEPLOYMENT_TARGET = 10.0;
				MTL_ENABLE_DEBUG_INFO = YES;
				ONLY_ACTIVE_ARCH = YES;
				SDKROOT = iphoneos;
				TARGETED_DEVICE_FAMILY = "1,2";
			};
			name = Debug;
		};
		371530A21DCAE71100CBBFBF /* Release */ = {
			isa = XCBuildConfiguration;
			buildSettings = {
				ALWAYS_SEARCH_USER_PATHS = NO;
				CLANG_ANALYZER_NONNULL = YES;
				CLANG_CXX_LANGUAGE_STANDARD = "gnu++0x";
				CLANG_CXX_LIBRARY = "libc++";
				CLANG_ENABLE_MODULES = YES;
				CLANG_ENABLE_OBJC_ARC = YES;
				CLANG_WARN_BOOL_CONVERSION = YES;
				CLANG_WARN_CONSTANT_CONVERSION = YES;
				CLANG_WARN_DIRECT_OBJC_ISA_USAGE = YES_ERROR;
				CLANG_WARN_DOCUMENTATION_COMMENTS = YES;
				CLANG_WARN_EMPTY_BODY = YES;
				CLANG_WARN_ENUM_CONVERSION = YES;
				CLANG_WARN_INFINITE_RECURSION = YES;
				CLANG_WARN_INT_CONVERSION = YES;
				CLANG_WARN_OBJC_ROOT_CLASS = YES_ERROR;
				CLANG_WARN_SUSPICIOUS_MOVES = YES;
				CLANG_WARN_UNREACHABLE_CODE = YES;
				CLANG_WARN__DUPLICATE_METHOD_MATCH = YES;
				"CODE_SIGN_IDENTITY[sdk=iphoneos*]" = "iPhone Developer";
				COPY_PHASE_STRIP = NO;
				DEBUG_INFORMATION_FORMAT = "dwarf-with-dsym";
				ENABLE_NS_ASSERTIONS = NO;
				ENABLE_STRICT_OBJC_MSGSEND = YES;
				GCC_C_LANGUAGE_STANDARD = gnu99;
				GCC_NO_COMMON_BLOCKS = YES;
				GCC_WARN_64_TO_32_BIT_CONVERSION = YES;
				GCC_WARN_ABOUT_RETURN_TYPE = YES_ERROR;
				GCC_WARN_UNDECLARED_SELECTOR = YES;
				GCC_WARN_UNINITIALIZED_AUTOS = YES_AGGRESSIVE;
				GCC_WARN_UNUSED_FUNCTION = YES;
				GCC_WARN_UNUSED_VARIABLE = YES;
				IPHONEOS_DEPLOYMENT_TARGET = 10.0;
				MTL_ENABLE_DEBUG_INFO = NO;
				SDKROOT = iphoneos;
				TARGETED_DEVICE_FAMILY = "1,2";
				VALIDATE_PRODUCT = YES;
			};
			name = Release;
		};
		371530A41DCAE71100CBBFBF /* Debug */ = {
			isa = XCBuildConfiguration;
			buildSettings = {
				ASSETCATALOG_COMPILER_APPICON_NAME = AppIcon;
				FRAMEWORK_SEARCH_PATHS = (
					"$(inherited)",
					"$(PROJECT_DIR)/iOSClient/Src/Common/ThirdParty/Bugly/Bugly-iOS-Demo/Pods/Bugly",
					"$(PROJECT_DIR)/iOSClient/Src/Common/ThirdParty/Bugly-2.4.0",
					"$(PROJECT_DIR)/iOSClient/Src/Common/ThirdParty/Bugly",
				);
				HEADER_SEARCH_PATHS = "";
				INFOPLIST_FILE = iOSClient/Info.plist;
				LD_RUNPATH_SEARCH_PATHS = "$(inherited) @executable_path/Frameworks";
				PRODUCT_BUNDLE_IDENTIFIER = renrendev.com.iOSClient;
				PRODUCT_NAME = "$(TARGET_NAME)";
			};
			name = Debug;
		};
		371530A51DCAE71100CBBFBF /* Release */ = {
			isa = XCBuildConfiguration;
			buildSettings = {
				ASSETCATALOG_COMPILER_APPICON_NAME = AppIcon;
				FRAMEWORK_SEARCH_PATHS = (
					"$(inherited)",
					"$(PROJECT_DIR)/iOSClient/Src/Common/ThirdParty/Bugly/Bugly-iOS-Demo/Pods/Bugly",
					"$(PROJECT_DIR)/iOSClient/Src/Common/ThirdParty/Bugly-2.4.0",
					"$(PROJECT_DIR)/iOSClient/Src/Common/ThirdParty/Bugly",
				);
				HEADER_SEARCH_PATHS = "";
				INFOPLIST_FILE = iOSClient/Info.plist;
				LD_RUNPATH_SEARCH_PATHS = "$(inherited) @executable_path/Frameworks";
				PRODUCT_BUNDLE_IDENTIFIER = renrendev.com.iOSClient;
				PRODUCT_NAME = "$(TARGET_NAME)";
			};
			name = Release;
		};
		371530A71DCAE71100CBBFBF /* Debug */ = {
			isa = XCBuildConfiguration;
			buildSettings = {
				BUNDLE_LOADER = "$(TEST_HOST)";
				INFOPLIST_FILE = iOSClientTests/Info.plist;
				LD_RUNPATH_SEARCH_PATHS = "$(inherited) @executable_path/Frameworks @loader_path/Frameworks";
				PRODUCT_BUNDLE_IDENTIFIER = renrendev.com.iOSClientTests;
				PRODUCT_NAME = "$(TARGET_NAME)";
				TEST_HOST = "$(BUILT_PRODUCTS_DIR)/iOSClient.app/iOSClient";
			};
			name = Debug;
		};
		371530A81DCAE71100CBBFBF /* Release */ = {
			isa = XCBuildConfiguration;
			buildSettings = {
				BUNDLE_LOADER = "$(TEST_HOST)";
				INFOPLIST_FILE = iOSClientTests/Info.plist;
				LD_RUNPATH_SEARCH_PATHS = "$(inherited) @executable_path/Frameworks @loader_path/Frameworks";
				PRODUCT_BUNDLE_IDENTIFIER = renrendev.com.iOSClientTests;
				PRODUCT_NAME = "$(TARGET_NAME)";
				TEST_HOST = "$(BUILT_PRODUCTS_DIR)/iOSClient.app/iOSClient";
			};
			name = Release;
		};
		371530AA1DCAE71100CBBFBF /* Debug */ = {
			isa = XCBuildConfiguration;
			buildSettings = {
				INFOPLIST_FILE = iOSClientUITests/Info.plist;
				LD_RUNPATH_SEARCH_PATHS = "$(inherited) @executable_path/Frameworks @loader_path/Frameworks";
				PRODUCT_BUNDLE_IDENTIFIER = renrendev.com.iOSClientUITests;
				PRODUCT_NAME = "$(TARGET_NAME)";
				TEST_TARGET_NAME = iOSClient;
			};
			name = Debug;
		};
		371530AB1DCAE71100CBBFBF /* Release */ = {
			isa = XCBuildConfiguration;
			buildSettings = {
				INFOPLIST_FILE = iOSClientUITests/Info.plist;
				LD_RUNPATH_SEARCH_PATHS = "$(inherited) @executable_path/Frameworks @loader_path/Frameworks";
				PRODUCT_BUNDLE_IDENTIFIER = renrendev.com.iOSClientUITests;
				PRODUCT_NAME = "$(TARGET_NAME)";
				TEST_TARGET_NAME = iOSClient;
			};
			name = Release;
		};
/* End XCBuildConfiguration section */

/* Begin XCConfigurationList section */
		371530711DCAE71100CBBFBF /* Build configuration list for PBXProject "iOSClient" */ = {
			isa = XCConfigurationList;
			buildConfigurations = (
				371530A11DCAE71100CBBFBF /* Debug */,
				371530A21DCAE71100CBBFBF /* Release */,
			);
			defaultConfigurationIsVisible = 0;
			defaultConfigurationName = Release;
		};
		371530A31DCAE71100CBBFBF /* Build configuration list for PBXNativeTarget "iOSClient" */ = {
			isa = XCConfigurationList;
			buildConfigurations = (
				371530A41DCAE71100CBBFBF /* Debug */,
				371530A51DCAE71100CBBFBF /* Release */,
			);
			defaultConfigurationIsVisible = 0;
			defaultConfigurationName = Release;
		};
		371530A61DCAE71100CBBFBF /* Build configuration list for PBXNativeTarget "iOSClientTests" */ = {
			isa = XCConfigurationList;
			buildConfigurations = (
				371530A71DCAE71100CBBFBF /* Debug */,
				371530A81DCAE71100CBBFBF /* Release */,
			);
			defaultConfigurationIsVisible = 0;
			defaultConfigurationName = Release;
		};
		371530A91DCAE71100CBBFBF /* Build configuration list for PBXNativeTarget "iOSClientUITests" */ = {
			isa = XCConfigurationList;
			buildConfigurations = (
				371530AA1DCAE71100CBBFBF /* Debug */,
				371530AB1DCAE71100CBBFBF /* Release */,
			);
			defaultConfigurationIsVisible = 0;
			defaultConfigurationName = Release;
		};
/* End XCConfigurationList section */
	};
	rootObject = 3715306E1DCAE71100CBBFBF /* Project object */;
}
